
Microsoft Visual Studio Solution File, Format Version 12.00
# Visual Studio Version 17
VisualStudioVersion = 17.14.36401.2 d17.14
MinimumVisualStudioVersion = 10.0.40219.1
Project("{FAE04EC0-301F-11D3-BF4B-00C04F79EFBC}") = "NutriAI-API", "NutriAI-API.csproj", "{DA249EFA-E151-4F73-8831-2D0E65CF8764}"
EndProject
Project("{FAE04EC0-301F-11D3-BF4B-00C04F79EFBC}") = "NutriAI-Core", "..\NutriAI-Core\NutriAI-Core.csproj", "{F94F82BE-2D0B-40A1-BBA0-9FCD6FC489B2}"
EndProject
Project("{FAE04EC0-301F-11D3-BF4B-00C04F79EFBC}") = "NutriAI-Data", "..\NutriAI-Data\NutriAI-Data.csproj", "{698CD4BC-E20A-49E4-A958-BE45F4650E76}"
EndProject
Project("{FAE04EC0-301F-11D3-BF4B-00C04F79EFBC}") = "NutriAI-Services", "..\NutriAI-Services\NutriAI-Services.csproj", "{05CEF8E4-79A1-44CA-920A-225B2121BEF3}"
EndProject
Global
	GlobalSection(SolutionConfigurationPlatforms) = preSolution
		Debug|Any CPU = Debug|Any CPU
		Release|Any CPU = Release|Any CPU
	EndGlobalSection
	GlobalSection(ProjectConfigurationPlatforms) = postSolution
		{DA249EFA-E151-4F73-8831-2D0E65CF8764}.Debug|Any CPU.ActiveCfg = Debug|Any CPU
		{DA249EFA-E151-4F73-8831-2D0E65CF8764}.Debug|Any CPU.Build.0 = Debug|Any CPU
		{DA249EFA-E151-4F73-8831-2D0E65CF8764}.Release|Any CPU.ActiveCfg = Release|Any CPU
		{DA249EFA-E151-4F73-8831-2D0E65CF8764}.Release|Any CPU.Build.0 = Release|Any CPU
		{F94F82BE-2D0B-40A1-BBA0-9FCD6FC489B2}.Debug|Any CPU.ActiveCfg = Debug|Any CPU
		{F94F82BE-2D0B-40A1-BBA0-9FCD6FC489B2}.Debug|Any CPU.Build.0 = Debug|Any CPU
		{F94F82BE-2D0B-40A1-BBA0-9FCD6FC489B2}.Release|Any CPU.ActiveCfg = Release|Any CPU
		{F94F82BE-2D0B-40A1-BBA0-9FCD6FC489B2}.Release|Any CPU.Build.0 = Release|Any CPU
		{698CD4BC-E20A-49E4-A958-BE45F4650E76}.Debug|Any CPU.ActiveCfg = Debug|Any CPU
		{698CD4BC-E20A-49E4-A958-BE45F4650E76}.Debug|Any CPU.Build.0 = Debug|Any CPU
		{698CD4BC-E20A-49E4-A958-BE45F4650E76}.Release|Any CPU.ActiveCfg = Release|Any CPU
		{698CD4BC-E20A-49E4-A958-BE45F4650E76}.Release|Any CPU.Build.0 = Release|Any CPU
		{05CEF8E4-79A1-44CA-920A-225B2121BEF3}.Debug|Any CPU.ActiveCfg = Debug|Any CPU
		{05CEF8E4-79A1-44CA-920A-225B2121BEF3}.Debug|Any CPU.Build.0 = Debug|Any CPU
		{05CEF8E4-79A1-44CA-920A-225B2121BEF3}.Release|Any CPU.ActiveCfg = Release|Any CPU
		{05CEF8E4-79A1-44CA-920A-225B2121BEF3}.Release|Any CPU.Build.0 = Release|Any CPU
	EndGlobalSection
	GlobalSection(SolutionProperties) = preSolution
		HideSolutionNode = FALSE
	EndGlobalSection
	GlobalSection(ExtensibilityGlobals) = postSolution
		SolutionGuid = {F4E64C47-41BA-4533-883E-09A9C90F4713}
	EndGlobalSection
EndGlobal
